// !$*UTF8*$!
{
	archiveVersion = 1;
	classes = {
	};
	objectVersion = 48;
	objects = {

/* Begin PBXBuildFile section */
		885A5608201C6304004732CA /* tutorial_05.cpp in Sources */ = {isa = PBXBuildFile; fileRef = 885A5606201C6304004732CA /* tutorial_05.cpp */; };
		888A7B8B202734C70099D36A /* tutorial_09.cpp in Sources */ = {isa = PBXBuildFile; fileRef = 888A7B89202734C70099D36A /* tutorial_09.cpp */; };
		889249F5200CDFA700346BFF /* main.cpp in Sources */ = {isa = PBXBuildFile; fileRef = 889249F4200CDFA700346BFF /* main.cpp */; };
		889249FD200CE09500346BFF /* tutorial_01.cpp in Sources */ = {isa = PBXBuildFile; fileRef = 889249FB200CE09500346BFF /* tutorial_01.cpp */; };
		88924A00201461F900346BFF /* tutorial_02.cpp in Sources */ = {isa = PBXBuildFile; fileRef = 889249FE201461F900346BFF /* tutorial_02.cpp */; };
		88924A0320146CC600346BFF /* tutorial_03.cpp in Sources */ = {isa = PBXBuildFile; fileRef = 88924A0120146CC600346BFF /* tutorial_03.cpp */; };
		88924A062014745400346BFF /* tutorial_04.cpp in Sources */ = {isa = PBXBuildFile; fileRef = 88924A042014745400346BFF /* tutorial_04.cpp */; };
		889874E5202F1C19006CE3BD /* tutorial_10.cpp in Sources */ = {isa = PBXBuildFile; fileRef = 889874E3202F1C19006CE3BD /* tutorial_10.cpp */; };
		889874E8202F21BD006CE3BD /* tutorial_10_2.cpp in Sources */ = {isa = PBXBuildFile; fileRef = 889874E6202F21BD006CE3BD /* tutorial_10_2.cpp */; };
		889874EB202F2516006CE3BD /* tutorial_12.cpp in Sources */ = {isa = PBXBuildFile; fileRef = 889874E9202F2516006CE3BD /* tutorial_12.cpp */; };
		889DE24B20233D2500B1A372 /* tutorial_06.cpp in Sources */ = {isa = PBXBuildFile; fileRef = 889DE24920233D2500B1A372 /* tutorial_06.cpp */; };
		889DE24E2023445000B1A372 /* tutorial_07.cpp in Sources */ = {isa = PBXBuildFile; fileRef = 889DE24C2023445000B1A372 /* tutorial_07.cpp */; };
		889DE2512025CE9A00B1A372 /* tutorial_08.cpp in Sources */ = {isa = PBXBuildFile; fileRef = 889DE24F2025CE9A00B1A372 /* tutorial_08.cpp */; };
/* End PBXBuildFile section */

/* Begin PBXCopyFilesBuildPhase section */
		889249EF200CDFA700346BFF /* CopyFiles */ = {
			isa = PBXCopyFilesBuildPhase;
			buildActionMask = 2147483647;
			dstPath = /usr/share/man/man1/;
			dstSubfolderSpec = 0;
			files = (
			);
			runOnlyForDeploymentPostprocessing = 1;
		};
/* End PBXCopyFilesBuildPhase section */

/* Begin PBXFileReference section */
		885A5606201C6304004732CA /* tutorial_05.cpp */ = {isa = PBXFileReference; lastKnownFileType = sourcecode.cpp.cpp; path = tutorial_05.cpp; sourceTree = "<group>"; };
		885A5607201C6304004732CA /* tutorial_05.hpp */ = {isa = PBXFileReference; lastKnownFileType = sourcecode.cpp.h; path = tutorial_05.hpp; sourceTree = "<group>"; };
		888A7B89202734C70099D36A /* tutorial_09.cpp */ = {isa = PBXFileReference; lastKnownFileType = sourcecode.cpp.cpp; path = tutorial_09.cpp; sourceTree = "<group>"; };
		888A7B8A202734C70099D36A /* tutorial_09.hpp */ = {isa = PBXFileReference; lastKnownFileType = sourcecode.cpp.h; path = tutorial_09.hpp; sourceTree = "<group>"; };
		889249F1200CDFA700346BFF /* tutorials */ = {isa = PBXFileReference; explicitFileType = "compiled.mach-o.executable"; includeInIndex = 0; path = tutorials; sourceTree = BUILT_PRODUCTS_DIR; };
		889249F4200CDFA700346BFF /* main.cpp */ = {isa = PBXFileReference; lastKnownFileType = sourcecode.cpp.cpp; path = main.cpp; sourceTree = "<group>"; };
		889249FB200CE09500346BFF /* tutorial_01.cpp */ = {isa = PBXFileReference; lastKnownFileType = sourcecode.cpp.cpp; path = tutorial_01.cpp; sourceTree = "<group>"; };
		889249FC200CE09500346BFF /* tutorial_01.hpp */ = {isa = PBXFileReference; lastKnownFileType = sourcecode.cpp.h; path = tutorial_01.hpp; sourceTree = "<group>"; };
		889249FE201461F900346BFF /* tutorial_02.cpp */ = {isa = PBXFileReference; lastKnownFileType = sourcecode.cpp.cpp; path = tutorial_02.cpp; sourceTree = "<group>"; };
		889249FF201461F900346BFF /* tutorial_02.hpp */ = {isa = PBXFileReference; lastKnownFileType = sourcecode.cpp.h; path = tutorial_02.hpp; sourceTree = "<group>"; };
		88924A0120146CC600346BFF /* tutorial_03.cpp */ = {isa = PBXFileReference; lastKnownFileType = sourcecode.cpp.cpp; path = tutorial_03.cpp; sourceTree = "<group>"; };
		88924A0220146CC600346BFF /* tutorial_03.hpp */ = {isa = PBXFileReference; lastKnownFileType = sourcecode.cpp.h; path = tutorial_03.hpp; sourceTree = "<group>"; };
		88924A042014745400346BFF /* tutorial_04.cpp */ = {isa = PBXFileReference; lastKnownFileType = sourcecode.cpp.cpp; path = tutorial_04.cpp; sourceTree = "<group>"; };
		88924A052014745400346BFF /* tutorial_04.hpp */ = {isa = PBXFileReference; lastKnownFileType = sourcecode.cpp.h; path = tutorial_04.hpp; sourceTree = "<group>"; };
		889874E3202F1C19006CE3BD /* tutorial_10.cpp */ = {isa = PBXFileReference; lastKnownFileType = sourcecode.cpp.cpp; path = tutorial_10.cpp; sourceTree = "<group>"; };
		889874E4202F1C19006CE3BD /* tutorial_10.hpp */ = {isa = PBXFileReference; lastKnownFileType = sourcecode.cpp.h; path = tutorial_10.hpp; sourceTree = "<group>"; };
		889874E6202F21BD006CE3BD /* tutorial_10_2.cpp */ = {isa = PBXFileReference; lastKnownFileType = sourcecode.cpp.cpp; path = tutorial_10_2.cpp; sourceTree = "<group>"; };
		889874E7202F21BD006CE3BD /* tutorial_10_2.hpp */ = {isa = PBXFileReference; lastKnownFileType = sourcecode.cpp.h; path = tutorial_10_2.hpp; sourceTree = "<group>"; };
		889874E9202F2516006CE3BD /* tutorial_12.cpp */ = {isa = PBXFileReference; lastKnownFileType = sourcecode.cpp.cpp; path = tutorial_12.cpp; sourceTree = "<group>"; };
		889874EA202F2516006CE3BD /* tutorial_12.hpp */ = {isa = PBXFileReference; lastKnownFileType = sourcecode.cpp.h; path = tutorial_12.hpp; sourceTree = "<group>"; };
		889DE24920233D2500B1A372 /* tutorial_06.cpp */ = {isa = PBXFileReference; lastKnownFileType = sourcecode.cpp.cpp; path = tutorial_06.cpp; sourceTree = "<group>"; };
		889DE24A20233D2500B1A372 /* tutorial_06.hpp */ = {isa = PBXFileReference; lastKnownFileType = sourcecode.cpp.h; path = tutorial_06.hpp; sourceTree = "<group>"; };
		889DE24C2023445000B1A372 /* tutorial_07.cpp */ = {isa = PBXFileReference; lastKnownFileType = sourcecode.cpp.cpp; path = tutorial_07.cpp; sourceTree = "<group>"; };
		889DE24D2023445000B1A372 /* tutorial_07.hpp */ = {isa = PBXFileReference; lastKnownFileType = sourcecode.cpp.h; path = tutorial_07.hpp; sourceTree = "<group>"; };
		889DE24F2025CE9A00B1A372 /* tutorial_08.cpp */ = {isa = PBXFileReference; lastKnownFileType = sourcecode.cpp.cpp; path = tutorial_08.cpp; sourceTree = "<group>"; };
		889DE2502025CE9A00B1A372 /* tutorial_08.hpp */ = {isa = PBXFileReference; lastKnownFileType = sourcecode.cpp.h; path = tutorial_08.hpp; sourceTree = "<group>"; };
/* End PBXFileReference section */

/* Begin PBXFrameworksBuildPhase section */
		889249EE200CDFA700346BFF /* Frameworks */ = {
			isa = PBXFrameworksBuildPhase;
			buildActionMask = 2147483647;
			files = (
			);
			runOnlyForDeploymentPostprocessing = 0;
		};
/* End PBXFrameworksBuildPhase section */

/* Begin PBXGroup section */
		889249E8200CDFA700346BFF = {
			isa = PBXGroup;
			children = (
				889249F3200CDFA700346BFF /* tutorials */,
				889249F2200CDFA700346BFF /* Products */,
			);
			sourceTree = "<group>";
		};
		889249F2200CDFA700346BFF /* Products */ = {
			isa = PBXGroup;
			children = (
				889249F1200CDFA700346BFF /* tutorials */,
			);
			name = Products;
			sourceTree = "<group>";
		};
		889249F3200CDFA700346BFF /* tutorials */ = {
			isa = PBXGroup;
			children = (
				889249F4200CDFA700346BFF /* main.cpp */,
				889249FB200CE09500346BFF /* tutorial_01.cpp */,
				889249FC200CE09500346BFF /* tutorial_01.hpp */,
				889249FE201461F900346BFF /* tutorial_02.cpp */,
				889249FF201461F900346BFF /* tutorial_02.hpp */,
				88924A0120146CC600346BFF /* tutorial_03.cpp */,
				88924A0220146CC600346BFF /* tutorial_03.hpp */,
				88924A042014745400346BFF /* tutorial_04.cpp */,
				88924A052014745400346BFF /* tutorial_04.hpp */,
				885A5606201C6304004732CA /* tutorial_05.cpp */,
				885A5607201C6304004732CA /* tutorial_05.hpp */,
				889DE24920233D2500B1A372 /* tutorial_06.cpp */,
				889DE24A20233D2500B1A372 /* tutorial_06.hpp */,
				889DE24C2023445000B1A372 /* tutorial_07.cpp */,
				889DE24D2023445000B1A372 /* tutorial_07.hpp */,
				889DE24F2025CE9A00B1A372 /* tutorial_08.cpp */,
				889DE2502025CE9A00B1A372 /* tutorial_08.hpp */,
				888A7B89202734C70099D36A /* tutorial_09.cpp */,
				888A7B8A202734C70099D36A /* tutorial_09.hpp */,
				889874E3202F1C19006CE3BD /* tutorial_10.cpp */,
				889874E4202F1C19006CE3BD /* tutorial_10.hpp */,
				889874E6202F21BD006CE3BD /* tutorial_10_2.cpp */,
				889874E7202F21BD006CE3BD /* tutorial_10_2.hpp */,
				889874E9202F2516006CE3BD /* tutorial_12.cpp */,
				889874EA202F2516006CE3BD /* tutorial_12.hpp */,
			);
			path = tutorials;
			sourceTree = "<group>";
		};
/* End PBXGroup section */

/* Begin PBXNativeTarget section */
		889249F0200CDFA700346BFF /* tutorials */ = {
			isa = PBXNativeTarget;
			buildConfigurationList = 889249F8200CDFA700346BFF /* Build configuration list for PBXNativeTarget "tutorials" */;
			buildPhases = (
				889249ED200CDFA700346BFF /* Sources */,
				889249EE200CDFA700346BFF /* Frameworks */,
				889249EF200CDFA700346BFF /* CopyFiles */,
			);
			buildRules = (
			);
			dependencies = (
			);
			name = tutorials;
			productName = tutorials;
			productReference = 889249F1200CDFA700346BFF /* tutorials */;
			productType = "com.apple.product-type.tool";
		};
/* End PBXNativeTarget section */

/* Begin PBXProject section */
		889249E9200CDFA700346BFF /* Project object */ = {
			isa = PBXProject;
			attributes = {
				LastUpgradeCheck = 0920;
				ORGANIZATIONNAME = "熊田聖也";
				TargetAttributes = {
					889249F0200CDFA700346BFF = {
						CreatedOnToolsVersion = 9.2;
						ProvisioningStyle = Automatic;
					};
				};
			};
			buildConfigurationList = 889249EC200CDFA700346BFF /* Build configuration list for PBXProject "tutorials" */;
			compatibilityVersion = "Xcode 8.0";
			developmentRegion = en;
			hasScannedForEncodings = 0;
			knownRegions = (
				en,
			);
			mainGroup = 889249E8200CDFA700346BFF;
			productRefGroup = 889249F2200CDFA700346BFF /* Products */;
			projectDirPath = "";
			projectRoot = "";
			targets = (
				889249F0200CDFA700346BFF /* tutorials */,
			);
		};
/* End PBXProject section */

/* Begin PBXSourcesBuildPhase section */
		889249ED200CDFA700346BFF /* Sources */ = {
			isa = PBXSourcesBuildPhase;
			buildActionMask = 2147483647;
			files = (
				885A5608201C6304004732CA /* tutorial_05.cpp in Sources */,
				889DE24B20233D2500B1A372 /* tutorial_06.cpp in Sources */,
				889874EB202F2516006CE3BD /* tutorial_12.cpp in Sources */,
				889DE24E2023445000B1A372 /* tutorial_07.cpp in Sources */,
				889874E5202F1C19006CE3BD /* tutorial_10.cpp in Sources */,
				889DE2512025CE9A00B1A372 /* tutorial_08.cpp in Sources */,
				88924A00201461F900346BFF /* tutorial_02.cpp in Sources */,
				88924A062014745400346BFF /* tutorial_04.cpp in Sources */,
				889874E8202F21BD006CE3BD /* tutorial_10_2.cpp in Sources */,
				888A7B8B202734C70099D36A /* tutorial_09.cpp in Sources */,
				889249FD200CE09500346BFF /* tutorial_01.cpp in Sources */,
				88924A0320146CC600346BFF /* tutorial_03.cpp in Sources */,
				889249F5200CDFA700346BFF /* main.cpp in Sources */,
			);
			runOnlyForDeploymentPostprocessing = 0;
		};
/* End PBXSourcesBuildPhase section */

/* Begin XCBuildConfiguration section */
		889249F6200CDFA700346BFF /* Debug */ = {
			isa = XCBuildConfiguration;
			buildSettings = {
				ALWAYS_SEARCH_USER_PATHS = NO;
				CLANG_ANALYZER_NONNULL = YES;
				CLANG_ANALYZER_NUMBER_OBJECT_CONVERSION = YES_AGGRESSIVE;
				CLANG_CXX_LANGUAGE_STANDARD = "gnu++14";
				CLANG_CXX_LIBRARY = "libc++";
				CLANG_ENABLE_MODULES = YES;
				CLANG_ENABLE_OBJC_ARC = YES;
				CLANG_WARN_BLOCK_CAPTURE_AUTORELEASING = YES;
				CLANG_WARN_BOOL_CONVERSION = YES;
				CLANG_WARN_COMMA = YES;
				CLANG_WARN_CONSTANT_CONVERSION = YES;
				CLANG_WARN_DIRECT_OBJC_ISA_USAGE = YES_ERROR;
				CLANG_WARN_DOCUMENTATION_COMMENTS = YES;
				CLANG_WARN_EMPTY_BODY = YES;
				CLANG_WARN_ENUM_CONVERSION = YES;
				CLANG_WARN_INFINITE_RECURSION = YES;
				CLANG_WARN_INT_CONVERSION = YES;
				CLANG_WARN_NON_LITERAL_NULL_CONVERSION = YES;
				CLANG_WARN_OBJC_LITERAL_CONVERSION = YES;
				CLANG_WARN_OBJC_ROOT_CLASS = YES_ERROR;
				CLANG_WARN_RANGE_LOOP_ANALYSIS = YES;
				CLANG_WARN_STRICT_PROTOTYPES = YES;
				CLANG_WARN_SUSPICIOUS_MOVE = YES;
				CLANG_WARN_UNGUARDED_AVAILABILITY = YES_AGGRESSIVE;
				CLANG_WARN_UNREACHABLE_CODE = YES;
				CLANG_WARN__DUPLICATE_METHOD_MATCH = YES;
				CODE_SIGN_IDENTITY = "-";
				COPY_PHASE_STRIP = NO;
				DEBUG_INFORMATION_FORMAT = dwarf;
				ENABLE_STRICT_OBJC_MSGSEND = YES;
				ENABLE_TESTABILITY = YES;
				GCC_C_LANGUAGE_STANDARD = gnu11;
				GCC_DYNAMIC_NO_PIC = NO;
				GCC_NO_COMMON_BLOCKS = YES;
				GCC_OPTIMIZATION_LEVEL = 0;
				GCC_PREPROCESSOR_DEFINITIONS = (
					"DEBUG=1",
					"$(inherited)",
				);
				GCC_WARN_64_TO_32_BIT_CONVERSION = YES;
				GCC_WARN_ABOUT_RETURN_TYPE = YES_ERROR;
				GCC_WARN_UNDECLARED_SELECTOR = YES;
				GCC_WARN_UNINITIALIZED_AUTOS = YES_AGGRESSIVE;
				GCC_WARN_UNUSED_FUNCTION = YES;
				GCC_WARN_UNUSED_VARIABLE = YES;
				MACOSX_DEPLOYMENT_TARGET = 10.12;
				MTL_ENABLE_DEBUG_INFO = YES;
				ONLY_ACTIVE_ARCH = YES;
				SDKROOT = macosx;
			};
			name = Debug;
		};
		889249F7200CDFA700346BFF /* Release */ = {
			isa = XCBuildConfiguration;
			buildSettings = {
				ALWAYS_SEARCH_USER_PATHS = NO;
				CLANG_ANALYZER_NONNULL = YES;
				CLANG_ANALYZER_NUMBER_OBJECT_CONVERSION = YES_AGGRESSIVE;
				CLANG_CXX_LANGUAGE_STANDARD = "gnu++14";
				CLANG_CXX_LIBRARY = "libc++";
				CLANG_ENABLE_MODULES = YES;
				CLANG_ENABLE_OBJC_ARC = YES;
				CLANG_WARN_BLOCK_CAPTURE_AUTORELEASING = YES;
				CLANG_WARN_BOOL_CONVERSION = YES;
				CLANG_WARN_COMMA = YES;
				CLANG_WARN_CONSTANT_CONVERSION = YES;
				CLANG_WARN_DIRECT_OBJC_ISA_USAGE = YES_ERROR;
				CLANG_WARN_DOCUMENTATION_COMMENTS = YES;
				CLANG_WARN_EMPTY_BODY = YES;
				CLANG_WARN_ENUM_CONVERSION = YES;
				CLANG_WARN_INFINITE_RECURSION = YES;
				CLANG_WARN_INT_CONVERSION = YES;
				CLANG_WARN_NON_LITERAL_NULL_CONVERSION = YES;
				CLANG_WARN_OBJC_LITERAL_CONVERSION = YES;
				CLANG_WARN_OBJC_ROOT_CLASS = YES_ERROR;
				CLANG_WARN_RANGE_LOOP_ANALYSIS = YES;
				CLANG_WARN_STRICT_PROTOTYPES = YES;
				CLANG_WARN_SUSPICIOUS_MOVE = YES;
				CLANG_WARN_UNGUARDED_AVAILABILITY = YES_AGGRESSIVE;
				CLANG_WARN_UNREACHABLE_CODE = YES;
				CLANG_WARN__DUPLICATE_METHOD_MATCH = YES;
				CODE_SIGN_IDENTITY = "-";
				COPY_PHASE_STRIP = NO;
				DEBUG_INFORMATION_FORMAT = "dwarf-with-dsym";
				ENABLE_NS_ASSERTIONS = NO;
				ENABLE_STRICT_OBJC_MSGSEND = YES;
				GCC_C_LANGUAGE_STANDARD = gnu11;
				GCC_NO_COMMON_BLOCKS = YES;
				GCC_WARN_64_TO_32_BIT_CONVERSION = YES;
				GCC_WARN_ABOUT_RETURN_TYPE = YES_ERROR;
				GCC_WARN_UNDECLARED_SELECTOR = YES;
				GCC_WARN_UNINITIALIZED_AUTOS = YES_AGGRESSIVE;
				GCC_WARN_UNUSED_FUNCTION = YES;
				GCC_WARN_UNUSED_VARIABLE = YES;
				MACOSX_DEPLOYMENT_TARGET = 10.12;
				MTL_ENABLE_DEBUG_INFO = NO;
				SDKROOT = macosx;
			};
			name = Release;
		};
		889249F9200CDFA700346BFF /* Debug */ = {
			isa = XCBuildConfiguration;
			buildSettings = {
				CLANG_CXX_LANGUAGE_STANDARD = "c++17";
				CODE_SIGN_STYLE = Automatic;
				HEADER_SEARCH_PATHS = (
					/opt/local/include,
					/usr/local/halide/include,
					/usr/local/halide/tools,
					/usr/local/include,
				);
				LIBRARY_SEARCH_PATHS = (
					/usr/local/halide/lib,
					/usr/local/lib,
					/opt/local/lib,
				);
				OTHER_LDFLAGS = (
					"-lHalide",
					"-lz",
					"-ljpeg",
					"-lpng",
					/Users/kumada/Projects/cct_blog/halide/tutorials/tutorials/lesson_10_halide.a,
				);
				PRODUCT_NAME = "$(TARGET_NAME)";
			};
			name = Debug;
		};
		889249FA200CDFA700346BFF /* Release */ = {
			isa = XCBuildConfiguration;
			buildSettings = {
				CLANG_CXX_LANGUAGE_STANDARD = "c++17";
				CODE_SIGN_STYLE = Automatic;
				GCC_PREPROCESSOR_DEFINITIONS = "HL_DEBUG_CODEGEN=1";
				HEADER_SEARCH_PATHS = (
					/opt/local/include,
					/usr/local/halide/include,
					/usr/local/halide/tools,
					/usr/local/include,
				);
				LIBRARY_SEARCH_PATHS = (
					/usr/local/halide/lib,
					/usr/local/lib,
					/opt/local/lib,
				);
				OTHER_LDFLAGS = (
					"-lHalide",
					"-lz",
					"-ljpeg",
					"-lpng",
					/Users/kumada/Projects/cct_blog/halide/tutorials/tutorials/lesson_10_halide.a,
				);
				PRODUCT_NAME = "$(TARGET_NAME)";
			};
			name = Release;
		};
/* End XCBuildConfiguration section */

/* Begin XCConfigurationList section */
		889249EC200CDFA700346BFF /* Build configuration list for PBXProject "tutorials" */ = {
			isa = XCConfigurationList;
			buildConfigurations = (
				889249F6200CDFA700346BFF /* Debug */,
				889249F7200CDFA700346BFF /* Release */,
			);
			defaultConfigurationIsVisible = 0;
			defaultConfigurationName = Release;
		};
		889249F8200CDFA700346BFF /* Build configuration list for PBXNativeTarget "tutorials" */ = {
			isa = XCConfigurationList;
			buildConfigurations = (
				889249F9200CDFA700346BFF /* Debug */,
				889249FA200CDFA700346BFF /* Release */,
			);
			defaultConfigurationIsVisible = 0;
			defaultConfigurationName = Release;
		};
/* End XCConfigurationList section */
	};
	rootObject = 889249E9200CDFA700346BFF /* Project object */;
}
